
Microsoft Visual Studio Solution File, Format Version 12.00
# Visual Studio 2017
Project("{FAE04EC0-301F-11D3-BF4B-00C04F79EFBC}") = "Ella the-game", "Ella the-game.csproj", "{F9BF627A-6B29-B37D-8FF8-C2EFD71B437D}"
EndProject
Project("{FAE04EC0-301F-11D3-BF4B-00C04F79EFBC}") = "Ella the-game.Editor", "Ella the-game.Editor.csproj", "{33884A3C-EEFF-7514-C51E-771463BB6041}"
EndProject
Global
	GlobalSection(SolutionConfigurationPlatforms) = preSolution
		Debug|Any CPU = Debug|Any CPU
		Release|Any CPU = Release|Any CPU
	EndGlobalSection
	GlobalSection(ProjectConfigurationPlatforms) = postSolution
		{F9BF627A-6B29-B37D-8FF8-C2EFD71B437D}.Debug|Any CPU.ActiveCfg = Debug|Any CPU
		{F9BF627A-6B29-B37D-8FF8-C2EFD71B437D}.Debug|Any CPU.Build.0 = Debug|Any CPU
		{F9BF627A-6B29-B37D-8FF8-C2EFD71B437D}.Release|Any CPU.ActiveCfg = Release|Any CPU
		{F9BF627A-6B29-B37D-8FF8-C2EFD71B437D}.Release|Any CPU.Build.0 = Release|Any CPU
		{33884A3C-EEFF-7514-C51E-771463BB6041}.Debug|Any CPU.ActiveCfg = Debug|Any CPU
		{33884A3C-EEFF-7514-C51E-771463BB6041}.Debug|Any CPU.Build.0 = Debug|Any CPU
		{33884A3C-EEFF-7514-C51E-771463BB6041}.Release|Any CPU.ActiveCfg = Release|Any CPU
		{33884A3C-EEFF-7514-C51E-771463BB6041}.Release|Any CPU.Build.0 = Release|Any CPU
	EndGlobalSection
	GlobalSection(SolutionProperties) = preSolution
		HideSolutionNode = FALSE
	EndGlobalSection
EndGlobal
