
Microsoft Visual Studio Solution File, Format Version 12.00
# Visual Studio 2017
Project("{FAE04EC0-301F-11D3-BF4B-00C04F79EFBC}") = "Ella-the-game", "Ella-the-game.csproj", "{0D05E84A-6F25-75A3-5994-898BA1A86D37}"
EndProject
Project("{FAE04EC0-301F-11D3-BF4B-00C04F79EFBC}") = "Ella-the-game.Editor", "Ella-the-game.Editor.csproj", "{87BC2C12-7FE3-9152-1A84-0486E93D9808}"
EndProject
Global
	GlobalSection(SolutionConfigurationPlatforms) = preSolution
		Debug|Any CPU = Debug|Any CPU
		Release|Any CPU = Release|Any CPU
	EndGlobalSection
	GlobalSection(ProjectConfigurationPlatforms) = postSolution
		{0D05E84A-6F25-75A3-5994-898BA1A86D37}.Debug|Any CPU.ActiveCfg = Debug|Any CPU
		{0D05E84A-6F25-75A3-5994-898BA1A86D37}.Debug|Any CPU.Build.0 = Debug|Any CPU
		{0D05E84A-6F25-75A3-5994-898BA1A86D37}.Release|Any CPU.ActiveCfg = Release|Any CPU
		{0D05E84A-6F25-75A3-5994-898BA1A86D37}.Release|Any CPU.Build.0 = Release|Any CPU
		{87BC2C12-7FE3-9152-1A84-0486E93D9808}.Debug|Any CPU.ActiveCfg = Debug|Any CPU
		{87BC2C12-7FE3-9152-1A84-0486E93D9808}.Debug|Any CPU.Build.0 = Debug|Any CPU
		{87BC2C12-7FE3-9152-1A84-0486E93D9808}.Release|Any CPU.ActiveCfg = Release|Any CPU
		{87BC2C12-7FE3-9152-1A84-0486E93D9808}.Release|Any CPU.Build.0 = Release|Any CPU
	EndGlobalSection
	GlobalSection(SolutionProperties) = preSolution
		HideSolutionNode = FALSE
	EndGlobalSection
EndGlobal
